
Microsoft Visual Studio Solution File, Format Version 12.00
# Visual Studio 2013
VisualStudioVersion = 12.0.21005.1
MinimumVisualStudioVersion = 10.0.40219.1
Project("{FAE04EC0-301F-11D3-BF4B-00C04F79EFBC}") = "MvcApplication1", "MvcApplication1\MvcApplication1.csproj", "{1BD41501-057F-4500-B0FA-472702291804}"
EndProject
Project("{FAE04EC0-301F-11D3-BF4B-00C04F79EFBC}") = "MvcApplication1.Tests", "MvcApplication1.Tests\MvcApplication1.Tests.csproj", "{6D0C9C79-6FC9-4376-9F86-99FBD3EED671}"
EndProject
Global
	GlobalSection(SolutionConfigurationPlatforms) = preSolution
		Debug|Any CPU = Debug|Any CPU
		Release|Any CPU = Release|Any CPU
	EndGlobalSection
	GlobalSection(ProjectConfigurationPlatforms) = postSolution
		{1BD41501-057F-4500-B0FA-472702291804}.Debug|Any CPU.ActiveCfg = Debug|Any CPU
		{1BD41501-057F-4500-B0FA-472702291804}.Debug|Any CPU.Build.0 = Debug|Any CPU
		{1BD41501-057F-4500-B0FA-472702291804}.Release|Any CPU.ActiveCfg = Release|Any CPU
		{1BD41501-057F-4500-B0FA-472702291804}.Release|Any CPU.Build.0 = Release|Any CPU
		{6D0C9C79-6FC9-4376-9F86-99FBD3EED671}.Debug|Any CPU.ActiveCfg = Debug|Any CPU
		{6D0C9C79-6FC9-4376-9F86-99FBD3EED671}.Debug|Any CPU.Build.0 = Debug|Any CPU
		{6D0C9C79-6FC9-4376-9F86-99FBD3EED671}.Release|Any CPU.ActiveCfg = Release|Any CPU
		{6D0C9C79-6FC9-4376-9F86-99FBD3EED671}.Release|Any CPU.Build.0 = Release|Any CPU
	EndGlobalSection
	GlobalSection(SolutionProperties) = preSolution
		HideSolutionNode = FALSE
	EndGlobalSection
EndGlobal
